// !$*UTF8*$!
{
	archiveVersion = 1;
	classes = {
	};
	objectVersion = 53;
	objects = {

/* Begin PBXBuildFile section */
		58E299B20E7CE6106E00F228 /* Pods_erni_insurance.framework in Frameworks */ = {isa = PBXBuildFile; fileRef = 65E8E7EEA553381221CDEF95 /* Pods_erni_insurance.framework */; };
		EB3C2064282B4CF100B3DEE9 /* ApiEndpoints.swift in Sources */ = {isa = PBXBuildFile; fileRef = EB3C2063282B4CF100B3DEE9 /* ApiEndpoints.swift */; };
		EB3C2066282B4F4E00B3DEE9 /* EnvironmentVariables.swift in Sources */ = {isa = PBXBuildFile; fileRef = EB3C2065282B4F4E00B3DEE9 /* EnvironmentVariables.swift */; };
		EB3C206B282B61E900B3DEE9 /* Localizable.strings in Resources */ = {isa = PBXBuildFile; fileRef = EB3C206D282B61E900B3DEE9 /* Localizable.strings */; };
		EB3C2070282B627C00B3DEE9 /* NSLocalizedString+Extension.swift in Sources */ = {isa = PBXBuildFile; fileRef = EB3C206F282B627C00B3DEE9 /* NSLocalizedString+Extension.swift */; };
		EB9C2EF2282B77BE00C607EA /* InsuranceService.swift in Sources */ = {isa = PBXBuildFile; fileRef = EB9C2EF1282B77BE00C607EA /* InsuranceService.swift */; };
		EB9C2EF4282B78B700C607EA /* OnboardingService.swift in Sources */ = {isa = PBXBuildFile; fileRef = EB9C2EF3282B78B700C607EA /* OnboardingService.swift */; };
		EBB788652822475F002BEEAD /* AppDelegate.swift in Sources */ = {isa = PBXBuildFile; fileRef = EBB788642822475F002BEEAD /* AppDelegate.swift */; };
		EBB7886E28224762002BEEAD /* Assets.xcassets in Resources */ = {isa = PBXBuildFile; fileRef = EBB7886D28224762002BEEAD /* Assets.xcassets */; };
		EBB7887128224762002BEEAD /* LaunchScreen.storyboard in Resources */ = {isa = PBXBuildFile; fileRef = EBB7886F28224762002BEEAD /* LaunchScreen.storyboard */; };
		EBBF97B328259BF900AFD767 /* SearchCell.swift in Sources */ = {isa = PBXBuildFile; fileRef = EBBF97AF28259BF900AFD767 /* SearchCell.swift */; };
		EBBF97B428259BF900AFD767 /* SearchView.xib in Resources */ = {isa = PBXBuildFile; fileRef = EBBF97B028259BF900AFD767 /* SearchView.xib */; };
		EBBF97B528259BF900AFD767 /* SearchCell.xib in Resources */ = {isa = PBXBuildFile; fileRef = EBBF97B128259BF900AFD767 /* SearchCell.xib */; };
		EBBF97B628259BF900AFD767 /* SearchView.swift in Sources */ = {isa = PBXBuildFile; fileRef = EBBF97B228259BF900AFD767 /* SearchView.swift */; };
		EBCB33882827F6880090D982 /* WebService.swift in Sources */ = {isa = PBXBuildFile; fileRef = EBCB33872827F6880090D982 /* WebService.swift */; };
		EBCDD1C42828A5300077432F /* UIViewController+Extension.swift in Sources */ = {isa = PBXBuildFile; fileRef = EBCDD1C32828A5300077432F /* UIViewController+Extension.swift */; };
		EBCDD1C92828FA8C0077432F /* OnboardingModel.swift in Sources */ = {isa = PBXBuildFile; fileRef = EBCDD1C82828FA8C0077432F /* OnboardingModel.swift */; };
		EBCDD1CB2828FB4E0077432F /* OnboardingViewModel.swift in Sources */ = {isa = PBXBuildFile; fileRef = EBCDD1CA2828FB4E0077432F /* OnboardingViewModel.swift */; };
		EBD300022827565700876343 /* AlamofireProvider.swift in Sources */ = {isa = PBXBuildFile; fileRef = EBD300012827565700876343 /* AlamofireProvider.swift */; };
		EBD30004282757A200876343 /* InsuranceModel.swift in Sources */ = {isa = PBXBuildFile; fileRef = EBD30003282757A200876343 /* InsuranceModel.swift */; };
		EBD300062827584C00876343 /* InsuranceViewModel.swift in Sources */ = {isa = PBXBuildFile; fileRef = EBD300052827584C00876343 /* InsuranceViewModel.swift */; };
		EBD7664D2826E42A00E65BCB /* DetailsCell.swift in Sources */ = {isa = PBXBuildFile; fileRef = EBD766492826E42A00E65BCB /* DetailsCell.swift */; };
		EBD7664E2826E42A00E65BCB /* DetailsView.xib in Resources */ = {isa = PBXBuildFile; fileRef = EBD7664A2826E42A00E65BCB /* DetailsView.xib */; };
		EBD7664F2826E42A00E65BCB /* DetailsView.swift in Sources */ = {isa = PBXBuildFile; fileRef = EBD7664B2826E42A00E65BCB /* DetailsView.swift */; };
		EBD766502826E42A00E65BCB /* DetailsCell.xib in Resources */ = {isa = PBXBuildFile; fileRef = EBD7664C2826E42A00E65BCB /* DetailsCell.xib */; };
		EBE60DE628238B9700D47EF4 /* AppColor.swift in Sources */ = {isa = PBXBuildFile; fileRef = EBE60DE528238B9600D47EF4 /* AppColor.swift */; };
		EBE60DEA28238C3000D47EF4 /* NavController.swift in Sources */ = {isa = PBXBuildFile; fileRef = EBE60DE928238C3000D47EF4 /* NavController.swift */; };
		EBE60DED28238C6B00D47EF4 /* UIView+Extension.swift in Sources */ = {isa = PBXBuildFile; fileRef = EBE60DEC28238C6B00D47EF4 /* UIView+Extension.swift */; };
		EBE60DEF28238CB000D47EF4 /* UITextField+Extension.swift in Sources */ = {isa = PBXBuildFile; fileRef = EBE60DEE28238CB000D47EF4 /* UITextField+Extension.swift */; };
		EBE60DF128238CD000D47EF4 /* UIImageView+Extension.swift in Sources */ = {isa = PBXBuildFile; fileRef = EBE60DF028238CD000D47EF4 /* UIImageView+Extension.swift */; };
		EBE61E7228282BFC00DEF18D /* CoverageModel.swift in Sources */ = {isa = PBXBuildFile; fileRef = EBE61E7128282BFC00DEF18D /* CoverageModel.swift */; };
		EBE61E7428282F6E00DEF18D /* CoverageViewModel.swift in Sources */ = {isa = PBXBuildFile; fileRef = EBE61E7328282F6E00DEF18D /* CoverageViewModel.swift */; };
		EBE61E7628283B9900DEF18D /* SearchViewModel.swift in Sources */ = {isa = PBXBuildFile; fileRef = EBE61E7528283B9900DEF18D /* SearchViewModel.swift */; };
		EBF057DF282CC76700B3391D /* GetInsuranceContract.swift in Sources */ = {isa = PBXBuildFile; fileRef = EBF057DE282CC76700B3391D /* GetInsuranceContract.swift */; };
		EBF057E1282CC82900B3391D /* GetInsuranceMapper.swift in Sources */ = {isa = PBXBuildFile; fileRef = EBF057E0282CC82900B3391D /* GetInsuranceMapper.swift */; };
		EBF057E3282CC93800B3391D /* GetInsuranceEntity.swift in Sources */ = {isa = PBXBuildFile; fileRef = EBF057E2282CC93800B3391D /* GetInsuranceEntity.swift */; };
		EBF057E5282CCA5300B3391D /* OnboardingContract.swift in Sources */ = {isa = PBXBuildFile; fileRef = EBF057E4282CCA5300B3391D /* OnboardingContract.swift */; };
		EBF057E7282CCA6600B3391D /* GetCoverageContract.swift in Sources */ = {isa = PBXBuildFile; fileRef = EBF057E6282CCA6600B3391D /* GetCoverageContract.swift */; };
		EBF057E9282CCBF600B3391D /* OnboardingMapper.swift in Sources */ = {isa = PBXBuildFile; fileRef = EBF057E8282CCBF600B3391D /* OnboardingMapper.swift */; };
		EBF057EB282CCC7E00B3391D /* OnboardingEntity.swift in Sources */ = {isa = PBXBuildFile; fileRef = EBF057EA282CCC7E00B3391D /* OnboardingEntity.swift */; };
		EBF057ED282CCCCF00B3391D /* CoverageMapper.swift in Sources */ = {isa = PBXBuildFile; fileRef = EBF057EC282CCCCF00B3391D /* CoverageMapper.swift */; };
		EBF057EF282CCCE800B3391D /* GetCoverageEntity.swift in Sources */ = {isa = PBXBuildFile; fileRef = EBF057EE282CCCE800B3391D /* GetCoverageEntity.swift */; };
		EBF057F1282CCE1900B3391D /* InsuranceManager.swift in Sources */ = {isa = PBXBuildFile; fileRef = EBF057F0282CCE1900B3391D /* InsuranceManager.swift */; };
		EBF057F3282CCE2900B3391D /* OnboardingManager.swift in Sources */ = {isa = PBXBuildFile; fileRef = EBF057F2282CCE2900B3391D /* OnboardingManager.swift */; };
		EBF057F5282CE84500B3391D /* SearchInsuranceContract.swift in Sources */ = {isa = PBXBuildFile; fileRef = EBF057F4282CE84500B3391D /* SearchInsuranceContract.swift */; };
		EBF057F7282CE9C500B3391D /* SearchInsuranceEntity.swift in Sources */ = {isa = PBXBuildFile; fileRef = EBF057F6282CE9C500B3391D /* SearchInsuranceEntity.swift */; };
		EBF057F9282CEB7900B3391D /* SearchInsuranceMapper.swift in Sources */ = {isa = PBXBuildFile; fileRef = EBF057F8282CEB7900B3391D /* SearchInsuranceMapper.swift */; };
		EBF05803282CFCE700B3391D /* FindCoverageEntity.swift in Sources */ = {isa = PBXBuildFile; fileRef = EBF05802282CFCE700B3391D /* FindCoverageEntity.swift */; };
		EBF05805282CFD3C00B3391D /* FindCoverageContract.swift in Sources */ = {isa = PBXBuildFile; fileRef = EBF05804282CFD3C00B3391D /* FindCoverageContract.swift */; };
		EBF05807282CFDA400B3391D /* FindCoverageMapper.swift in Sources */ = {isa = PBXBuildFile; fileRef = EBF05806282CFDA400B3391D /* FindCoverageMapper.swift */; };
		EBF1EF752824CD19008A116D /* OnboardingCell.swift in Sources */ = {isa = PBXBuildFile; fileRef = EBF1EF712824CD19008A116D /* OnboardingCell.swift */; };
		EBF1EF762824CD19008A116D /* OnboardingView.swift in Sources */ = {isa = PBXBuildFile; fileRef = EBF1EF722824CD19008A116D /* OnboardingView.swift */; };
		EBF1EF772824CD19008A116D /* OnboardingCell.xib in Resources */ = {isa = PBXBuildFile; fileRef = EBF1EF732824CD19008A116D /* OnboardingCell.xib */; };
		EBF1EF782824CD19008A116D /* OnboardingView.xib in Resources */ = {isa = PBXBuildFile; fileRef = EBF1EF742824CD19008A116D /* OnboardingView.xib */; };
		EBF1EF7F2824CEB5008A116D /* HomeCell2.swift in Sources */ = {isa = PBXBuildFile; fileRef = EBF1EF792824CEB5008A116D /* HomeCell2.swift */; };
		EBF1EF802824CEB5008A116D /* HomeCell2.xib in Resources */ = {isa = PBXBuildFile; fileRef = EBF1EF7A2824CEB5008A116D /* HomeCell2.xib */; };
		EBF1EF812824CEB5008A116D /* HomeView.xib in Resources */ = {isa = PBXBuildFile; fileRef = EBF1EF7B2824CEB5008A116D /* HomeView.xib */; };
		EBF1EF822824CEB5008A116D /* HomeView.swift in Sources */ = {isa = PBXBuildFile; fileRef = EBF1EF7C2824CEB5008A116D /* HomeView.swift */; };
		EBF1EF832824CEB5008A116D /* HomeCell1.xib in Resources */ = {isa = PBXBuildFile; fileRef = EBF1EF7D2824CEB5008A116D /* HomeCell1.xib */; };
		EBF1EF842824CEB5008A116D /* HomeCell1.swift in Sources */ = {isa = PBXBuildFile; fileRef = EBF1EF7E2824CEB5008A116D /* HomeCell1.swift */; };
		EBF1EF872824D27E008A116D /* DescriptionView.xib in Resources */ = {isa = PBXBuildFile; fileRef = EBF1EF852824D27E008A116D /* DescriptionView.xib */; };
		EBF1EF882824D27E008A116D /* DescriptionView.swift in Sources */ = {isa = PBXBuildFile; fileRef = EBF1EF862824D27E008A116D /* DescriptionView.swift */; };
/* End PBXBuildFile section */

/* Begin PBXFileReference section */
		278E665822D37342972DF164 /* Pods-erni-insurance.release.xcconfig */ = {isa = PBXFileReference; includeInIndex = 1; lastKnownFileType = text.xcconfig; name = "Pods-erni-insurance.release.xcconfig"; path = "Target Support Files/Pods-erni-insurance/Pods-erni-insurance.release.xcconfig"; sourceTree = "<group>"; };
		65E8E7EEA553381221CDEF95 /* Pods_erni_insurance.framework */ = {isa = PBXFileReference; explicitFileType = wrapper.framework; includeInIndex = 0; path = Pods_erni_insurance.framework; sourceTree = BUILT_PRODUCTS_DIR; };
		B833EE2C29BB1D46B945BF87 /* Pods-erni-insurance.debug.xcconfig */ = {isa = PBXFileReference; includeInIndex = 1; lastKnownFileType = text.xcconfig; name = "Pods-erni-insurance.debug.xcconfig"; path = "Target Support Files/Pods-erni-insurance/Pods-erni-insurance.debug.xcconfig"; sourceTree = "<group>"; };
		EB3C2063282B4CF100B3DEE9 /* ApiEndpoints.swift */ = {isa = PBXFileReference; lastKnownFileType = sourcecode.swift; path = ApiEndpoints.swift; sourceTree = "<group>"; };
		EB3C2065282B4F4E00B3DEE9 /* EnvironmentVariables.swift */ = {isa = PBXFileReference; lastKnownFileType = sourcecode.swift; path = EnvironmentVariables.swift; sourceTree = "<group>"; };
		EB3C206C282B61E900B3DEE9 /* en */ = {isa = PBXFileReference; lastKnownFileType = text.plist.strings; name = en; path = en.lproj/Localizable.strings; sourceTree = "<group>"; };
		EB3C206E282B61F300B3DEE9 /* de */ = {isa = PBXFileReference; lastKnownFileType = text.plist.strings; name = de; path = de.lproj/Localizable.strings; sourceTree = "<group>"; };
		EB3C206F282B627C00B3DEE9 /* NSLocalizedString+Extension.swift */ = {isa = PBXFileReference; lastKnownFileType = sourcecode.swift; path = "NSLocalizedString+Extension.swift"; sourceTree = "<group>"; };
		EB9C2EF1282B77BE00C607EA /* InsuranceService.swift */ = {isa = PBXFileReference; lastKnownFileType = sourcecode.swift; path = InsuranceService.swift; sourceTree = "<group>"; };
		EB9C2EF3282B78B700C607EA /* OnboardingService.swift */ = {isa = PBXFileReference; lastKnownFileType = sourcecode.swift; path = OnboardingService.swift; sourceTree = "<group>"; };
		EBB788612822475F002BEEAD /* erni-insurance.app */ = {isa = PBXFileReference; explicitFileType = wrapper.application; includeInIndex = 0; path = "erni-insurance.app"; sourceTree = BUILT_PRODUCTS_DIR; };
		EBB788642822475F002BEEAD /* AppDelegate.swift */ = {isa = PBXFileReference; lastKnownFileType = sourcecode.swift; path = AppDelegate.swift; sourceTree = "<group>"; };
		EBB7886D28224762002BEEAD /* Assets.xcassets */ = {isa = PBXFileReference; lastKnownFileType = folder.assetcatalog; path = Assets.xcassets; sourceTree = "<group>"; };
		EBB7887028224762002BEEAD /* Base */ = {isa = PBXFileReference; lastKnownFileType = file.storyboard; name = Base; path = Base.lproj/LaunchScreen.storyboard; sourceTree = "<group>"; };
		EBB7887228224762002BEEAD /* Info.plist */ = {isa = PBXFileReference; lastKnownFileType = text.plist.xml; path = Info.plist; sourceTree = "<group>"; };
		EBBF97AF28259BF900AFD767 /* SearchCell.swift */ = {isa = PBXFileReference; fileEncoding = 4; lastKnownFileType = sourcecode.swift; path = SearchCell.swift; sourceTree = "<group>"; };
		EBBF97B028259BF900AFD767 /* SearchView.xib */ = {isa = PBXFileReference; fileEncoding = 4; lastKnownFileType = file.xib; path = SearchView.xib; sourceTree = "<group>"; };
		EBBF97B128259BF900AFD767 /* SearchCell.xib */ = {isa = PBXFileReference; fileEncoding = 4; lastKnownFileType = file.xib; path = SearchCell.xib; sourceTree = "<group>"; };
		EBBF97B228259BF900AFD767 /* SearchView.swift */ = {isa = PBXFileReference; fileEncoding = 4; lastKnownFileType = sourcecode.swift; path = SearchView.swift; sourceTree = "<group>"; };
		EBCB33872827F6880090D982 /* WebService.swift */ = {isa = PBXFileReference; lastKnownFileType = sourcecode.swift; path = WebService.swift; sourceTree = "<group>"; };
		EBCDD1C32828A5300077432F /* UIViewController+Extension.swift */ = {isa = PBXFileReference; lastKnownFileType = sourcecode.swift; path = "UIViewController+Extension.swift"; sourceTree = "<group>"; };
		EBCDD1C82828FA8C0077432F /* OnboardingModel.swift */ = {isa = PBXFileReference; lastKnownFileType = sourcecode.swift; path = OnboardingModel.swift; sourceTree = "<group>"; };
		EBCDD1CA2828FB4E0077432F /* OnboardingViewModel.swift */ = {isa = PBXFileReference; lastKnownFileType = sourcecode.swift; path = OnboardingViewModel.swift; sourceTree = "<group>"; };
		EBD300012827565700876343 /* AlamofireProvider.swift */ = {isa = PBXFileReference; lastKnownFileType = sourcecode.swift; path = AlamofireProvider.swift; sourceTree = "<group>"; };
		EBD30003282757A200876343 /* InsuranceModel.swift */ = {isa = PBXFileReference; lastKnownFileType = sourcecode.swift; path = InsuranceModel.swift; sourceTree = "<group>"; };
		EBD300052827584C00876343 /* InsuranceViewModel.swift */ = {isa = PBXFileReference; lastKnownFileType = sourcecode.swift; path = InsuranceViewModel.swift; sourceTree = "<group>"; };
		EBD766492826E42A00E65BCB /* DetailsCell.swift */ = {isa = PBXFileReference; fileEncoding = 4; lastKnownFileType = sourcecode.swift; path = DetailsCell.swift; sourceTree = "<group>"; };
		EBD7664A2826E42A00E65BCB /* DetailsView.xib */ = {isa = PBXFileReference; fileEncoding = 4; lastKnownFileType = file.xib; path = DetailsView.xib; sourceTree = "<group>"; };
		EBD7664B2826E42A00E65BCB /* DetailsView.swift */ = {isa = PBXFileReference; fileEncoding = 4; lastKnownFileType = sourcecode.swift; path = DetailsView.swift; sourceTree = "<group>"; };
		EBD7664C2826E42A00E65BCB /* DetailsCell.xib */ = {isa = PBXFileReference; fileEncoding = 4; lastKnownFileType = file.xib; path = DetailsCell.xib; sourceTree = "<group>"; };
		EBE60DE528238B9600D47EF4 /* AppColor.swift */ = {isa = PBXFileReference; lastKnownFileType = sourcecode.swift; path = AppColor.swift; sourceTree = "<group>"; };
		EBE60DE928238C3000D47EF4 /* NavController.swift */ = {isa = PBXFileReference; lastKnownFileType = sourcecode.swift; path = NavController.swift; sourceTree = "<group>"; };
		EBE60DEC28238C6B00D47EF4 /* UIView+Extension.swift */ = {isa = PBXFileReference; lastKnownFileType = sourcecode.swift; path = "UIView+Extension.swift"; sourceTree = "<group>"; };
		EBE60DEE28238CB000D47EF4 /* UITextField+Extension.swift */ = {isa = PBXFileReference; lastKnownFileType = sourcecode.swift; path = "UITextField+Extension.swift"; sourceTree = "<group>"; };
		EBE60DF028238CD000D47EF4 /* UIImageView+Extension.swift */ = {isa = PBXFileReference; lastKnownFileType = sourcecode.swift; path = "UIImageView+Extension.swift"; sourceTree = "<group>"; };
		EBE61E7128282BFC00DEF18D /* CoverageModel.swift */ = {isa = PBXFileReference; lastKnownFileType = sourcecode.swift; path = CoverageModel.swift; sourceTree = "<group>"; };
		EBE61E7328282F6E00DEF18D /* CoverageViewModel.swift */ = {isa = PBXFileReference; lastKnownFileType = sourcecode.swift; path = CoverageViewModel.swift; sourceTree = "<group>"; };
		EBE61E7528283B9900DEF18D /* SearchViewModel.swift */ = {isa = PBXFileReference; lastKnownFileType = sourcecode.swift; path = SearchViewModel.swift; sourceTree = "<group>"; };
		EBF057DE282CC76700B3391D /* GetInsuranceContract.swift */ = {isa = PBXFileReference; lastKnownFileType = sourcecode.swift; path = GetInsuranceContract.swift; sourceTree = "<group>"; };
		EBF057E0282CC82900B3391D /* GetInsuranceMapper.swift */ = {isa = PBXFileReference; lastKnownFileType = sourcecode.swift; path = GetInsuranceMapper.swift; sourceTree = "<group>"; };
		EBF057E2282CC93800B3391D /* GetInsuranceEntity.swift */ = {isa = PBXFileReference; lastKnownFileType = sourcecode.swift; path = GetInsuranceEntity.swift; sourceTree = "<group>"; };
		EBF057E4282CCA5300B3391D /* OnboardingContract.swift */ = {isa = PBXFileReference; lastKnownFileType = sourcecode.swift; path = OnboardingContract.swift; sourceTree = "<group>"; };
		EBF057E6282CCA6600B3391D /* GetCoverageContract.swift */ = {isa = PBXFileReference; lastKnownFileType = sourcecode.swift; path = GetCoverageContract.swift; sourceTree = "<group>"; };
		EBF057E8282CCBF600B3391D /* OnboardingMapper.swift */ = {isa = PBXFileReference; lastKnownFileType = sourcecode.swift; path = OnboardingMapper.swift; sourceTree = "<group>"; };
		EBF057EA282CCC7E00B3391D /* OnboardingEntity.swift */ = {isa = PBXFileReference; lastKnownFileType = sourcecode.swift; path = OnboardingEntity.swift; sourceTree = "<group>"; };
		EBF057EC282CCCCF00B3391D /* CoverageMapper.swift */ = {isa = PBXFileReference; lastKnownFileType = sourcecode.swift; path = CoverageMapper.swift; sourceTree = "<group>"; };
		EBF057EE282CCCE800B3391D /* GetCoverageEntity.swift */ = {isa = PBXFileReference; lastKnownFileType = sourcecode.swift; path = GetCoverageEntity.swift; sourceTree = "<group>"; };
		EBF057F0282CCE1900B3391D /* InsuranceManager.swift */ = {isa = PBXFileReference; lastKnownFileType = sourcecode.swift; path = InsuranceManager.swift; sourceTree = "<group>"; };
		EBF057F2282CCE2900B3391D /* OnboardingManager.swift */ = {isa = PBXFileReference; lastKnownFileType = sourcecode.swift; path = OnboardingManager.swift; sourceTree = "<group>"; };
		EBF057F4282CE84500B3391D /* SearchInsuranceContract.swift */ = {isa = PBXFileReference; lastKnownFileType = sourcecode.swift; path = SearchInsuranceContract.swift; sourceTree = "<group>"; };
		EBF057F6282CE9C500B3391D /* SearchInsuranceEntity.swift */ = {isa = PBXFileReference; lastKnownFileType = sourcecode.swift; path = SearchInsuranceEntity.swift; sourceTree = "<group>"; };
		EBF057F8282CEB7900B3391D /* SearchInsuranceMapper.swift */ = {isa = PBXFileReference; lastKnownFileType = sourcecode.swift; path = SearchInsuranceMapper.swift; sourceTree = "<group>"; };
		EBF05802282CFCE700B3391D /* FindCoverageEntity.swift */ = {isa = PBXFileReference; lastKnownFileType = sourcecode.swift; path = FindCoverageEntity.swift; sourceTree = "<group>"; };
		EBF05804282CFD3C00B3391D /* FindCoverageContract.swift */ = {isa = PBXFileReference; lastKnownFileType = sourcecode.swift; path = FindCoverageContract.swift; sourceTree = "<group>"; };
		EBF05806282CFDA400B3391D /* FindCoverageMapper.swift */ = {isa = PBXFileReference; lastKnownFileType = sourcecode.swift; path = FindCoverageMapper.swift; sourceTree = "<group>"; };
		EBF1EF712824CD19008A116D /* OnboardingCell.swift */ = {isa = PBXFileReference; fileEncoding = 4; lastKnownFileType = sourcecode.swift; path = OnboardingCell.swift; sourceTree = "<group>"; };
		EBF1EF722824CD19008A116D /* OnboardingView.swift */ = {isa = PBXFileReference; fileEncoding = 4; lastKnownFileType = sourcecode.swift; path = OnboardingView.swift; sourceTree = "<group>"; };
		EBF1EF732824CD19008A116D /* OnboardingCell.xib */ = {isa = PBXFileReference; fileEncoding = 4; lastKnownFileType = file.xib; path = OnboardingCell.xib; sourceTree = "<group>"; };
		EBF1EF742824CD19008A116D /* OnboardingView.xib */ = {isa = PBXFileReference; fileEncoding = 4; lastKnownFileType = file.xib; path = OnboardingView.xib; sourceTree = "<group>"; };
		EBF1EF792824CEB5008A116D /* HomeCell2.swift */ = {isa = PBXFileReference; fileEncoding = 4; lastKnownFileType = sourcecode.swift; path = HomeCell2.swift; sourceTree = "<group>"; };
		EBF1EF7A2824CEB5008A116D /* HomeCell2.xib */ = {isa = PBXFileReference; fileEncoding = 4; lastKnownFileType = file.xib; path = HomeCell2.xib; sourceTree = "<group>"; };
		EBF1EF7B2824CEB5008A116D /* HomeView.xib */ = {isa = PBXFileReference; fileEncoding = 4; lastKnownFileType = file.xib; path = HomeView.xib; sourceTree = "<group>"; };
		EBF1EF7C2824CEB5008A116D /* HomeView.swift */ = {isa = PBXFileReference; fileEncoding = 4; lastKnownFileType = sourcecode.swift; path = HomeView.swift; sourceTree = "<group>"; };
		EBF1EF7D2824CEB5008A116D /* HomeCell1.xib */ = {isa = PBXFileReference; fileEncoding = 4; lastKnownFileType = file.xib; path = HomeCell1.xib; sourceTree = "<group>"; };
		EBF1EF7E2824CEB5008A116D /* HomeCell1.swift */ = {isa = PBXFileReference; fileEncoding = 4; lastKnownFileType = sourcecode.swift; path = HomeCell1.swift; sourceTree = "<group>"; };
		EBF1EF852824D27E008A116D /* DescriptionView.xib */ = {isa = PBXFileReference; fileEncoding = 4; lastKnownFileType = file.xib; path = DescriptionView.xib; sourceTree = "<group>"; };
		EBF1EF862824D27E008A116D /* DescriptionView.swift */ = {isa = PBXFileReference; fileEncoding = 4; lastKnownFileType = sourcecode.swift; path = DescriptionView.swift; sourceTree = "<group>"; };
/* End PBXFileReference section */

/* Begin PBXFrameworksBuildPhase section */
		EBB7885E2822475F002BEEAD /* Frameworks */ = {
			isa = PBXFrameworksBuildPhase;
			buildActionMask = 2147483647;
			files = (
				58E299B20E7CE6106E00F228 /* Pods_erni_insurance.framework in Frameworks */,
			);
			runOnlyForDeploymentPostprocessing = 0;
		};
/* End PBXFrameworksBuildPhase section */

/* Begin PBXGroup section */
		71B4F825E17D255CE00F1568 /* Pods */ = {
			isa = PBXGroup;
			children = (
				B833EE2C29BB1D46B945BF87 /* Pods-erni-insurance.debug.xcconfig */,
				278E665822D37342972DF164 /* Pods-erni-insurance.release.xcconfig */,
			);
			path = Pods;
			sourceTree = "<group>";
		};
		EB3C2061282B4C4500B3DEE9 /* Common */ = {
			isa = PBXGroup;
			children = (
				EB3C2062282B4CD100B3DEE9 /* Constants */,
				EB3C2067282B5FBC00B3DEE9 /* Localization */,
			);
			path = Common;
			sourceTree = "<group>";
		};
		EB3C2062282B4CD100B3DEE9 /* Constants */ = {
			isa = PBXGroup;
			children = (
				EB3C2063282B4CF100B3DEE9 /* ApiEndpoints.swift */,
				EB3C2065282B4F4E00B3DEE9 /* EnvironmentVariables.swift */,
			);
			path = Constants;
			sourceTree = "<group>";
		};
		EB3C2067282B5FBC00B3DEE9 /* Localization */ = {
			isa = PBXGroup;
			children = (
				EB3C206D282B61E900B3DEE9 /* Localizable.strings */,
			);
			path = Localization;
			sourceTree = "<group>";
		};
		EB9C2EEA282B73D800C607EA /* Extensions */ = {
			isa = PBXGroup;
			children = (
				EB3C206F282B627C00B3DEE9 /* NSLocalizedString+Extension.swift */,
				EBCDD1C32828A5300077432F /* UIViewController+Extension.swift */,
				EBE60DEC28238C6B00D47EF4 /* UIView+Extension.swift */,
				EBE60DEE28238CB000D47EF4 /* UITextField+Extension.swift */,
				EBE60DF028238CD000D47EF4 /* UIImageView+Extension.swift */,
			);
			path = Extensions;
			sourceTree = "<group>";
		};
		EB9C2EEC282B762E00C607EA /* Core */ = {
			isa = PBXGroup;
			children = (
				EBCDD1C72828BC070077432F /* Resources */,
				EBF057DD282CC44400B3391D /* Utils */,
				EBE60DE2282388C700D47EF4 /* ViewModel */,
				EBE60DE1282388B900D47EF4 /* View */,
				EBE60DE0282388AC00D47EF4 /* Model */,
			);
			path = Core;
			sourceTree = "<group>";
		};
		EB9C2EED282B76AD00C607EA /* Services */ = {
			isa = PBXGroup;
			children = (
				EB9C2EEE282B76CD00C607EA /* Base */,
				EB9C2EF0282B770300C607EA /* Onboarding */,
				EB9C2EEF282B76F800C607EA /* Insurance */,
			);
			path = Services;
			sourceTree = "<group>";
		};
		EB9C2EEE282B76CD00C607EA /* Base */ = {
			isa = PBXGroup;
			children = (
				EBCB33872827F6880090D982 /* WebService.swift */,
				EBD300012827565700876343 /* AlamofireProvider.swift */,
			);
			path = Base;
			sourceTree = "<group>";
		};
		EB9C2EEF282B76F800C607EA /* Insurance */ = {
			isa = PBXGroup;
			children = (
				EB9C2EF1282B77BE00C607EA /* InsuranceService.swift */,
			);
			path = Insurance;
			sourceTree = "<group>";
		};
		EB9C2EF0282B770300C607EA /* Onboarding */ = {
			isa = PBXGroup;
			children = (
				EB9C2EF3282B78B700C607EA /* OnboardingService.swift */,
			);
			path = Onboarding;
			sourceTree = "<group>";
		};
		EB9C2EF7282B920000C607EA /* Contracts */ = {
			isa = PBXGroup;
			children = (
				EBF0580D282D00F900B3391D /* Onboarding */,
				EBF057FE282CF8B700B3391D /* Coverage */,
				EBF057FB282CF7B400B3391D /* Insurance */,
			);
			path = Contracts;
			sourceTree = "<group>";
		};
		EB9C2EF8282B92E800C607EA /* Domain */ = {
			isa = PBXGroup;
			children = (
				EB9C2EF9282B92F400C607EA /* Entities */,
				EB9C2EFA282B92FB00C607EA /* Managers */,
				EB9C2EFB282B930200C607EA /* Mappers */,
			);
			path = Domain;
			sourceTree = "<group>";
		};
		EB9C2EF9282B92F400C607EA /* Entities */ = {
			isa = PBXGroup;
			children = (
				EBF0580E282D030C00B3391D /* Onboarding */,
				EBF057FF282CF8D800B3391D /* Coverage */,
				EBF057FA282CF5A800B3391D /* Insurance */,
			);
			path = Entities;
			sourceTree = "<group>";
		};
		EB9C2EFA282B92FB00C607EA /* Managers */ = {
			isa = PBXGroup;
			children = (
				EBF05801282CF93100B3391D /* Onboarding */,
				EBF05800282CF92200B3391D /* Insurance */,
			);
			path = Managers;
			sourceTree = "<group>";
		};
		EB9C2EFB282B930200C607EA /* Mappers */ = {
			isa = PBXGroup;
			children = (
				EBF0580C282D00E000B3391D /* Onboarding */,
				EBF057FD282CF8A200B3391D /* Coverage */,
				EBF057FC282CF7F500B3391D /* Insurance */,
			);
			path = Mappers;
			sourceTree = "<group>";
		};
		EBB788582822475F002BEEAD = {
			isa = PBXGroup;
			children = (
				EBB788632822475F002BEEAD /* erni-insurance */,
				EBB788622822475F002BEEAD /* Products */,
				71B4F825E17D255CE00F1568 /* Pods */,
				FC893549A130F6591A94096B /* Frameworks */,
			);
			sourceTree = "<group>";
		};
		EBB788622822475F002BEEAD /* Products */ = {
			isa = PBXGroup;
			children = (
				EBB788612822475F002BEEAD /* erni-insurance.app */,
			);
			name = Products;
			sourceTree = "<group>";
		};
		EBB788632822475F002BEEAD /* erni-insurance */ = {
			isa = PBXGroup;
			children = (
				EBF057DC282CB6EB00B3391D /* Application */,
				EB3C2061282B4C4500B3DEE9 /* Common */,
				EB9C2EEC282B762E00C607EA /* Core */,
				EB9C2EF8282B92E800C607EA /* Domain */,
				EBE60DE3282388D400D47EF4 /* Web */,
			);
			path = "erni-insurance";
			sourceTree = "<group>";
		};
		EBCDD1C72828BC070077432F /* Resources */ = {
			isa = PBXGroup;
			children = (
				EBE60DE528238B9600D47EF4 /* AppColor.swift */,
				EBE60DE928238C3000D47EF4 /* NavController.swift */,
				EBB7886D28224762002BEEAD /* Assets.xcassets */,
				EBB7886F28224762002BEEAD /* LaunchScreen.storyboard */,
				EBB7887228224762002BEEAD /* Info.plist */,
			);
			path = Resources;
			sourceTree = "<group>";
		};
		EBE60DE0282388AC00D47EF4 /* Model */ = {
			isa = PBXGroup;
			children = (
				EBD30003282757A200876343 /* InsuranceModel.swift */,
				EBE61E7128282BFC00DEF18D /* CoverageModel.swift */,
				EBCDD1C82828FA8C0077432F /* OnboardingModel.swift */,
			);
			path = Model;
			sourceTree = "<group>";
		};
		EBE60DE1282388B900D47EF4 /* View */ = {
			isa = PBXGroup;
			children = (
				EBF1EF702824BF90008A116D /* Description */,
				EBF1EF6F2824BF78008A116D /* Details */,
				EBF1EF6E2824BF69008A116D /* Search */,
				EBF1EF6D2824BE9C008A116D /* Onboarding */,
				EBE60DFA2823A0AE00D47EF4 /* Home */,
			);
			path = View;
			sourceTree = "<group>";
		};
		EBE60DE2282388C700D47EF4 /* ViewModel */ = {
			isa = PBXGroup;
			children = (
				EBF0580B282CFEEA00B3391D /* Onboarding */,
				EBF0580A282CFEE000B3391D /* Coverage */,
				EBF05809282CFECD00B3391D /* Search */,
				EBF05808282CFEA500B3391D /* Insurance */,
			);
			path = ViewModel;
			sourceTree = "<group>";
		};
		EBE60DE3282388D400D47EF4 /* Web */ = {
			isa = PBXGroup;
			children = (
				EB9C2EF7282B920000C607EA /* Contracts */,
				EB9C2EED282B76AD00C607EA /* Services */,
			);
			path = Web;
			sourceTree = "<group>";
		};
		EBE60DFA2823A0AE00D47EF4 /* Home */ = {
			isa = PBXGroup;
			children = (
				EBF1EF7E2824CEB5008A116D /* HomeCell1.swift */,
				EBF1EF7D2824CEB5008A116D /* HomeCell1.xib */,
				EBF1EF792824CEB5008A116D /* HomeCell2.swift */,
				EBF1EF7A2824CEB5008A116D /* HomeCell2.xib */,
				EBF1EF7C2824CEB5008A116D /* HomeView.swift */,
				EBF1EF7B2824CEB5008A116D /* HomeView.xib */,
			);
			path = Home;
			sourceTree = "<group>";
		};
		EBF057DC282CB6EB00B3391D /* Application */ = {
			isa = PBXGroup;
			children = (
				EBB788642822475F002BEEAD /* AppDelegate.swift */,
			);
			path = Application;
			sourceTree = "<group>";
		};
		EBF057DD282CC44400B3391D /* Utils */ = {
			isa = PBXGroup;
			children = (
				EB9C2EEA282B73D800C607EA /* Extensions */,
			);
			path = Utils;
			sourceTree = "<group>";
		};
		EBF057FA282CF5A800B3391D /* Insurance */ = {
			isa = PBXGroup;
			children = (
				EBF057E2282CC93800B3391D /* GetInsuranceEntity.swift */,
				EBF057F6282CE9C500B3391D /* SearchInsuranceEntity.swift */,
			);
			path = Insurance;
			sourceTree = "<group>";
		};
		EBF057FB282CF7B400B3391D /* Insurance */ = {
			isa = PBXGroup;
			children = (
				EBF057DE282CC76700B3391D /* GetInsuranceContract.swift */,
				EBF057F4282CE84500B3391D /* SearchInsuranceContract.swift */,
			);
			path = Insurance;
			sourceTree = "<group>";
		};
		EBF057FC282CF7F500B3391D /* Insurance */ = {
			isa = PBXGroup;
			children = (
				EBF057E0282CC82900B3391D /* GetInsuranceMapper.swift */,
				EBF057F8282CEB7900B3391D /* SearchInsuranceMapper.swift */,
			);
			path = Insurance;
			sourceTree = "<group>";
		};
		EBF057FD282CF8A200B3391D /* Coverage */ = {
			isa = PBXGroup;
			children = (
				EBF057EC282CCCCF00B3391D /* CoverageMapper.swift */,
				EBF05806282CFDA400B3391D /* FindCoverageMapper.swift */,
			);
			path = Coverage;
			sourceTree = "<group>";
		};
		EBF057FE282CF8B700B3391D /* Coverage */ = {
			isa = PBXGroup;
			children = (
				EBF057E6282CCA6600B3391D /* GetCoverageContract.swift */,
				EBF05804282CFD3C00B3391D /* FindCoverageContract.swift */,
			);
			path = Coverage;
			sourceTree = "<group>";
		};
		EBF057FF282CF8D800B3391D /* Coverage */ = {
			isa = PBXGroup;
			children = (
				EBF057EE282CCCE800B3391D /* GetCoverageEntity.swift */,
				EBF05802282CFCE700B3391D /* FindCoverageEntity.swift */,
			);
			path = Coverage;
			sourceTree = "<group>";
		};
		EBF05800282CF92200B3391D /* Insurance */ = {
			isa = PBXGroup;
			children = (
				EBF057F2282CCE2900B3391D /* OnboardingManager.swift */,
			);
			path = Insurance;
			sourceTree = "<group>";
		};
		EBF05801282CF93100B3391D /* Onboarding */ = {
			isa = PBXGroup;
			children = (
				EBF057F0282CCE1900B3391D /* InsuranceManager.swift */,
			);
			path = Onboarding;
			sourceTree = "<group>";
		};
		EBF05808282CFEA500B3391D /* Insurance */ = {
			isa = PBXGroup;
			children = (
				EBD300052827584C00876343 /* InsuranceViewModel.swift */,
			);
			path = Insurance;
			sourceTree = "<group>";
		};
		EBF05809282CFECD00B3391D /* Search */ = {
			isa = PBXGroup;
			children = (
				EBE61E7528283B9900DEF18D /* SearchViewModel.swift */,
			);
			path = Search;
			sourceTree = "<group>";
		};
		EBF0580A282CFEE000B3391D /* Coverage */ = {
			isa = PBXGroup;
			children = (
				EBE61E7328282F6E00DEF18D /* CoverageViewModel.swift */,
			);
			path = Coverage;
			sourceTree = "<group>";
		};
		EBF0580B282CFEEA00B3391D /* Onboarding */ = {
			isa = PBXGroup;
			children = (
				EBCDD1CA2828FB4E0077432F /* OnboardingViewModel.swift */,
			);
			path = Onboarding;
			sourceTree = "<group>";
		};
		EBF0580C282D00E000B3391D /* Onboarding */ = {
			isa = PBXGroup;
			children = (
				EBF057E8282CCBF600B3391D /* OnboardingMapper.swift */,
			);
			path = Onboarding;
			sourceTree = "<group>";
		};
		EBF0580D282D00F900B3391D /* Onboarding */ = {
			isa = PBXGroup;
			children = (
				EBF057E4282CCA5300B3391D /* OnboardingContract.swift */,
			);
			path = Onboarding;
			sourceTree = "<group>";
		};
		EBF0580E282D030C00B3391D /* Onboarding */ = {
			isa = PBXGroup;
			children = (
				EBF057EA282CCC7E00B3391D /* OnboardingEntity.swift */,
			);
			path = Onboarding;
			sourceTree = "<group>";
		};
		EBF1EF6D2824BE9C008A116D /* Onboarding */ = {
			isa = PBXGroup;
			children = (
				EBF1EF712824CD19008A116D /* OnboardingCell.swift */,
				EBF1EF732824CD19008A116D /* OnboardingCell.xib */,
				EBF1EF722824CD19008A116D /* OnboardingView.swift */,
				EBF1EF742824CD19008A116D /* OnboardingView.xib */,
			);
			path = Onboarding;
			sourceTree = "<group>";
		};
		EBF1EF6E2824BF69008A116D /* Search */ = {
			isa = PBXGroup;
			children = (
				EBBF97AF28259BF900AFD767 /* SearchCell.swift */,
				EBBF97B128259BF900AFD767 /* SearchCell.xib */,
				EBBF97B228259BF900AFD767 /* SearchView.swift */,
				EBBF97B028259BF900AFD767 /* SearchView.xib */,
			);
			path = Search;
			sourceTree = "<group>";
		};
		EBF1EF6F2824BF78008A116D /* Details */ = {
			isa = PBXGroup;
			children = (
				EBD766492826E42A00E65BCB /* DetailsCell.swift */,
				EBD7664C2826E42A00E65BCB /* DetailsCell.xib */,
				EBD7664B2826E42A00E65BCB /* DetailsView.swift */,
				EBD7664A2826E42A00E65BCB /* DetailsView.xib */,
			);
			path = Details;
			sourceTree = "<group>";
		};
		EBF1EF702824BF90008A116D /* Description */ = {
			isa = PBXGroup;
			children = (
				EBF1EF862824D27E008A116D /* DescriptionView.swift */,
				EBF1EF852824D27E008A116D /* DescriptionView.xib */,
			);
			path = Description;
			sourceTree = "<group>";
		};
		FC893549A130F6591A94096B /* Frameworks */ = {
			isa = PBXGroup;
			children = (
				65E8E7EEA553381221CDEF95 /* Pods_erni_insurance.framework */,
			);
			name = Frameworks;
			sourceTree = "<group>";
		};
/* End PBXGroup section */

/* Begin PBXNativeTarget section */
		EBB788602822475F002BEEAD /* erni-insurance */ = {
			isa = PBXNativeTarget;
			buildConfigurationList = EBB7887528224762002BEEAD /* Build configuration list for PBXNativeTarget "erni-insurance" */;
			buildPhases = (
				4F38C6D6732E4C7EF1812EAD /* [CP] Check Pods Manifest.lock */,
				EBB7885D2822475F002BEEAD /* Sources */,
				EBB7885E2822475F002BEEAD /* Frameworks */,
				EBB7885F2822475F002BEEAD /* Resources */,
				2432ADA77C162A3EDD8A1391 /* [CP] Embed Pods Frameworks */,
			);
			buildRules = (
			);
			dependencies = (
			);
			name = "erni-insurance";
			productName = "erni-insurance";
			productReference = EBB788612822475F002BEEAD /* erni-insurance.app */;
			productType = "com.apple.product-type.application";
		};
/* End PBXNativeTarget section */

/* Begin PBXProject section */
		EBB788592822475F002BEEAD /* Project object */ = {
			isa = PBXProject;
			attributes = {
				BuildIndependentTargetsInParallel = 1;
				LastSwiftUpdateCheck = 1320;
				LastUpgradeCheck = 1320;
				TargetAttributes = {
					EBB788602822475F002BEEAD = {
						CreatedOnToolsVersion = 13.2.1;
					};
				};
			};
			buildConfigurationList = EBB7885C2822475F002BEEAD /* Build configuration list for PBXProject "erni-insurance" */;
			compatibilityVersion = "Xcode 3.2";
			developmentRegion = en;
			hasScannedForEncodings = 0;
			knownRegions = (
				en,
				Base,
				de,
			);
			mainGroup = EBB788582822475F002BEEAD;
			productRefGroup = EBB788622822475F002BEEAD /* Products */;
			projectDirPath = "";
			projectRoot = "";
			targets = (
				EBB788602822475F002BEEAD /* erni-insurance */,
			);
		};
/* End PBXProject section */

/* Begin PBXResourcesBuildPhase section */
		EBB7885F2822475F002BEEAD /* Resources */ = {
			isa = PBXResourcesBuildPhase;
			buildActionMask = 2147483647;
			files = (
				EBB7887128224762002BEEAD /* LaunchScreen.storyboard in Resources */,
				EBF1EF832824CEB5008A116D /* HomeCell1.xib in Resources */,
				EBF1EF772824CD19008A116D /* OnboardingCell.xib in Resources */,
				EBB7886E28224762002BEEAD /* Assets.xcassets in Resources */,
				EBF1EF802824CEB5008A116D /* HomeCell2.xib in Resources */,
				EBBF97B528259BF900AFD767 /* SearchCell.xib in Resources */,
				EBD7664E2826E42A00E65BCB /* DetailsView.xib in Resources */,
				EBBF97B428259BF900AFD767 /* SearchView.xib in Resources */,
				EBD766502826E42A00E65BCB /* DetailsCell.xib in Resources */,
				EB3C206B282B61E900B3DEE9 /* Localizable.strings in Resources */,
				EBF1EF782824CD19008A116D /* OnboardingView.xib in Resources */,
				EBF1EF872824D27E008A116D /* DescriptionView.xib in Resources */,
				EBF1EF812824CEB5008A116D /* HomeView.xib in Resources */,
			);
			runOnlyForDeploymentPostprocessing = 0;
		};
/* End PBXResourcesBuildPhase section */

/* Begin PBXShellScriptBuildPhase section */
		2432ADA77C162A3EDD8A1391 /* [CP] Embed Pods Frameworks */ = {
			isa = PBXShellScriptBuildPhase;
			buildActionMask = 2147483647;
			files = (
			);
			inputPaths = (
				"${PODS_ROOT}/Target Support Files/Pods-erni-insurance/Pods-erni-insurance-frameworks.sh",
				"${BUILT_PRODUCTS_DIR}/Alamofire/Alamofire.framework",
				"${BUILT_PRODUCTS_DIR}/IQKeyboardManagerSwift/IQKeyboardManagerSwift.framework",
				"${BUILT_PRODUCTS_DIR}/Kingfisher/Kingfisher.framework",
			);
			name = "[CP] Embed Pods Frameworks";
			outputPaths = (
				"${TARGET_BUILD_DIR}/${FRAMEWORKS_FOLDER_PATH}/Alamofire.framework",
				"${TARGET_BUILD_DIR}/${FRAMEWORKS_FOLDER_PATH}/IQKeyboardManagerSwift.framework",
				"${TARGET_BUILD_DIR}/${FRAMEWORKS_FOLDER_PATH}/Kingfisher.framework",
			);
			runOnlyForDeploymentPostprocessing = 0;
			shellPath = /bin/sh;
			shellScript = "\"${PODS_ROOT}/Target Support Files/Pods-erni-insurance/Pods-erni-insurance-frameworks.sh\"\n";
			showEnvVarsInLog = 0;
		};
		4F38C6D6732E4C7EF1812EAD /* [CP] Check Pods Manifest.lock */ = {
			isa = PBXShellScriptBuildPhase;
			buildActionMask = 2147483647;
			files = (
			);
			inputFileListPaths = (
			);
			inputPaths = (
				"${PODS_PODFILE_DIR_PATH}/Podfile.lock",
				"${PODS_ROOT}/Manifest.lock",
			);
			name = "[CP] Check Pods Manifest.lock";
			outputFileListPaths = (
			);
			outputPaths = (
				"$(DERIVED_FILE_DIR)/Pods-erni-insurance-checkManifestLockResult.txt",
			);
			runOnlyForDeploymentPostprocessing = 0;
			shellPath = /bin/sh;
			shellScript = "diff \"${PODS_PODFILE_DIR_PATH}/Podfile.lock\" \"${PODS_ROOT}/Manifest.lock\" > /dev/null\nif [ $? != 0 ] ; then\n    # print error to STDERR\n    echo \"error: The sandbox is not in sync with the Podfile.lock. Run 'pod install' or update your CocoaPods installation.\" >&2\n    exit 1\nfi\n# This output is used by Xcode 'outputs' to avoid re-running this script phase.\necho \"SUCCESS\" > \"${SCRIPT_OUTPUT_FILE_0}\"\n";
			showEnvVarsInLog = 0;
		};
/* End PBXShellScriptBuildPhase section */

/* Begin PBXSourcesBuildPhase section */
		EBB7885D2822475F002BEEAD /* Sources */ = {
			isa = PBXSourcesBuildPhase;
			buildActionMask = 2147483647;
			files = (
				EBF05805282CFD3C00B3391D /* FindCoverageContract.swift in Sources */,
				EBD30004282757A200876343 /* InsuranceModel.swift in Sources */,
				EBF1EF842824CEB5008A116D /* HomeCell1.swift in Sources */,
				EBF057F1282CCE1900B3391D /* InsuranceManager.swift in Sources */,
				EBF057F9282CEB7900B3391D /* SearchInsuranceMapper.swift in Sources */,
				EB9C2EF2282B77BE00C607EA /* InsuranceService.swift in Sources */,
				EBD7664F2826E42A00E65BCB /* DetailsView.swift in Sources */,
				EBCDD1CB2828FB4E0077432F /* OnboardingViewModel.swift in Sources */,
				EBE60DED28238C6B00D47EF4 /* UIView+Extension.swift in Sources */,
				EBE60DE628238B9700D47EF4 /* AppColor.swift in Sources */,
				EBF057E3282CC93800B3391D /* GetInsuranceEntity.swift in Sources */,
				EBE61E7228282BFC00DEF18D /* CoverageModel.swift in Sources */,
				EBE61E7428282F6E00DEF18D /* CoverageViewModel.swift in Sources */,
				EBBF97B328259BF900AFD767 /* SearchCell.swift in Sources */,
				EBE60DF128238CD000D47EF4 /* UIImageView+Extension.swift in Sources */,
				EBF057E9282CCBF600B3391D /* OnboardingMapper.swift in Sources */,
				EBF1EF7F2824CEB5008A116D /* HomeCell2.swift in Sources */,
				EB3C2070282B627C00B3DEE9 /* NSLocalizedString+Extension.swift in Sources */,
				EBF05803282CFCE700B3391D /* FindCoverageEntity.swift in Sources */,
				EBF057E1282CC82900B3391D /* GetInsuranceMapper.swift in Sources */,
				EBB788652822475F002BEEAD /* AppDelegate.swift in Sources */,
				EB9C2EF4282B78B700C607EA /* OnboardingService.swift in Sources */,
				EBF1EF752824CD19008A116D /* OnboardingCell.swift in Sources */,
				EBF1EF822824CEB5008A116D /* HomeView.swift in Sources */,
				EBD300062827584C00876343 /* InsuranceViewModel.swift in Sources */,
				EBCB33882827F6880090D982 /* WebService.swift in Sources */,
				EBBF97B628259BF900AFD767 /* SearchView.swift in Sources */,
				EBF057F7282CE9C500B3391D /* SearchInsuranceEntity.swift in Sources */,
				EBD7664D2826E42A00E65BCB /* DetailsCell.swift in Sources */,
				EBE61E7628283B9900DEF18D /* SearchViewModel.swift in Sources */,
				EBCDD1C42828A5300077432F /* UIViewController+Extension.swift in Sources */,
				EBF057E5282CCA5300B3391D /* OnboardingContract.swift in Sources */,
				EBE60DEF28238CB000D47EF4 /* UITextField+Extension.swift in Sources */,
				EBF057DF282CC76700B3391D /* GetInsuranceContract.swift in Sources */,
				EBF057F3282CCE2900B3391D /* OnboardingManager.swift in Sources */,
				EBD300022827565700876343 /* AlamofireProvider.swift in Sources */,
				EB3C2064282B4CF100B3DEE9 /* ApiEndpoints.swift in Sources */,
				EBF05807282CFDA400B3391D /* FindCoverageMapper.swift in Sources */,
				EBE60DEA28238C3000D47EF4 /* NavController.swift in Sources */,
				EBF057EF282CCCE800B3391D /* GetCoverageEntity.swift in Sources */,
				EBF057E7282CCA6600B3391D /* GetCoverageContract.swift in Sources */,
				EBF057EB282CCC7E00B3391D /* OnboardingEntity.swift in Sources */,
				EBF1EF762824CD19008A116D /* OnboardingView.swift in Sources */,
				EB3C2066282B4F4E00B3DEE9 /* EnvironmentVariables.swift in Sources */,
				EBF057ED282CCCCF00B3391D /* CoverageMapper.swift in Sources */,
				EBCDD1C92828FA8C0077432F /* OnboardingModel.swift in Sources */,
				EBF1EF882824D27E008A116D /* DescriptionView.swift in Sources */,
				EBF057F5282CE84500B3391D /* SearchInsuranceContract.swift in Sources */,
			);
			runOnlyForDeploymentPostprocessing = 0;
		};
/* End PBXSourcesBuildPhase section */

/* Begin PBXVariantGroup section */
		EB3C206D282B61E900B3DEE9 /* Localizable.strings */ = {
			isa = PBXVariantGroup;
			children = (
				EB3C206C282B61E900B3DEE9 /* en */,
				EB3C206E282B61F300B3DEE9 /* de */,
			);
			name = Localizable.strings;
			sourceTree = "<group>";
		};
		EBB7886F28224762002BEEAD /* LaunchScreen.storyboard */ = {
			isa = PBXVariantGroup;
			children = (
				EBB7887028224762002BEEAD /* Base */,
			);
			name = LaunchScreen.storyboard;
			sourceTree = "<group>";
		};
/* End PBXVariantGroup section */

/* Begin XCBuildConfiguration section */
		EBB7887328224762002BEEAD /* Debug */ = {
			isa = XCBuildConfiguration;
			buildSettings = {
				ALWAYS_SEARCH_USER_PATHS = NO;
				CLANG_ANALYZER_LOCALIZABILITY_NONLOCALIZED = YES;
				CLANG_ANALYZER_NONNULL = YES;
				CLANG_ANALYZER_NUMBER_OBJECT_CONVERSION = YES_AGGRESSIVE;
				CLANG_CXX_LANGUAGE_STANDARD = "c++0x";
				CLANG_CXX_LIBRARY = "libc++";
				CLANG_ENABLE_MODULES = YES;
				CLANG_ENABLE_OBJC_ARC = YES;
				CLANG_ENABLE_OBJC_WEAK = YES;
				CLANG_WARN_BLOCK_CAPTURE_AUTORELEASING = YES;
				CLANG_WARN_BOOL_CONVERSION = YES;
				CLANG_WARN_COMMA = YES;
				CLANG_WARN_CONSTANT_CONVERSION = YES;
				CLANG_WARN_DEPRECATED_OBJC_IMPLEMENTATIONS = YES;
				CLANG_WARN_DIRECT_OBJC_ISA_USAGE = YES_ERROR;
				CLANG_WARN_DOCUMENTATION_COMMENTS = YES;
				CLANG_WARN_EMPTY_BODY = YES;
				CLANG_WARN_ENUM_CONVERSION = YES;
				CLANG_WARN_INFINITE_RECURSION = YES;
				CLANG_WARN_INT_CONVERSION = YES;
				CLANG_WARN_NON_LITERAL_NULL_CONVERSION = YES;
				CLANG_WARN_OBJC_IMPLICIT_RETAIN_SELF = YES;
				CLANG_WARN_OBJC_LITERAL_CONVERSION = YES;
				CLANG_WARN_OBJC_ROOT_CLASS = YES_ERROR;
				CLANG_WARN_QUOTED_INCLUDE_IN_FRAMEWORK_HEADER = YES;
				CLANG_WARN_RANGE_LOOP_ANALYSIS = YES;
				CLANG_WARN_STRICT_PROTOTYPES = YES;
				CLANG_WARN_SUSPICIOUS_MOVE = YES;
				CLANG_WARN_UNGUARDED_AVAILABILITY = YES_AGGRESSIVE;
				CLANG_WARN_UNREACHABLE_CODE = YES;
				CLANG_WARN__DUPLICATE_METHOD_MATCH = YES;
				COPY_PHASE_STRIP = NO;
				DEBUG_INFORMATION_FORMAT = dwarf;
				ENABLE_STRICT_OBJC_MSGSEND = YES;
				ENABLE_TESTABILITY = YES;
				GCC_C_LANGUAGE_STANDARD = gnu99;
				GCC_DYNAMIC_NO_PIC = NO;
				GCC_NO_COMMON_BLOCKS = YES;
				GCC_OPTIMIZATION_LEVEL = 0;
				GCC_PREPROCESSOR_DEFINITIONS = (
					"DEBUG=1",
					"$(inherited)",
				);
				GCC_WARN_64_TO_32_BIT_CONVERSION = YES;
				GCC_WARN_ABOUT_RETURN_TYPE = YES_ERROR;
				GCC_WARN_UNDECLARED_SELECTOR = YES;
				GCC_WARN_UNINITIALIZED_AUTOS = YES_AGGRESSIVE;
				GCC_WARN_UNUSED_FUNCTION = YES;
				GCC_WARN_UNUSED_VARIABLE = YES;
				IPHONEOS_DEPLOYMENT_TARGET = 15.2;
				MTL_ENABLE_DEBUG_INFO = INCLUDE_SOURCE;
				MTL_FAST_MATH = YES;
				ONLY_ACTIVE_ARCH = YES;
				SDKROOT = iphoneos;
				SWIFT_ACTIVE_COMPILATION_CONDITIONS = DEBUG;
				SWIFT_OPTIMIZATION_LEVEL = "-Onone";
			};
			name = Debug;
		};
		EBB7887428224762002BEEAD /* Release */ = {
			isa = XCBuildConfiguration;
			buildSettings = {
				ALWAYS_SEARCH_USER_PATHS = NO;
				CLANG_ANALYZER_LOCALIZABILITY_NONLOCALIZED = YES;
				CLANG_ANALYZER_NONNULL = YES;
				CLANG_ANALYZER_NUMBER_OBJECT_CONVERSION = YES_AGGRESSIVE;
				CLANG_CXX_LANGUAGE_STANDARD = "c++0x";
				CLANG_CXX_LIBRARY = "libc++";
				CLANG_ENABLE_MODULES = YES;
				CLANG_ENABLE_OBJC_ARC = YES;
				CLANG_ENABLE_OBJC_WEAK = YES;
				CLANG_WARN_BLOCK_CAPTURE_AUTORELEASING = YES;
				CLANG_WARN_BOOL_CONVERSION = YES;
				CLANG_WARN_COMMA = YES;
				CLANG_WARN_CONSTANT_CONVERSION = YES;
				CLANG_WARN_DEPRECATED_OBJC_IMPLEMENTATIONS = YES;
				CLANG_WARN_DIRECT_OBJC_ISA_USAGE = YES_ERROR;
				CLANG_WARN_DOCUMENTATION_COMMENTS = YES;
				CLANG_WARN_EMPTY_BODY = YES;
				CLANG_WARN_ENUM_CONVERSION = YES;
				CLANG_WARN_INFINITE_RECURSION = YES;
				CLANG_WARN_INT_CONVERSION = YES;
				CLANG_WARN_NON_LITERAL_NULL_CONVERSION = YES;
				CLANG_WARN_OBJC_IMPLICIT_RETAIN_SELF = YES;
				CLANG_WARN_OBJC_LITERAL_CONVERSION = YES;
				CLANG_WARN_OBJC_ROOT_CLASS = YES_ERROR;
				CLANG_WARN_QUOTED_INCLUDE_IN_FRAMEWORK_HEADER = YES;
				CLANG_WARN_RANGE_LOOP_ANALYSIS = YES;
				CLANG_WARN_STRICT_PROTOTYPES = YES;
				CLANG_WARN_SUSPICIOUS_MOVE = YES;
				CLANG_WARN_UNGUARDED_AVAILABILITY = YES_AGGRESSIVE;
				CLANG_WARN_UNREACHABLE_CODE = YES;
				CLANG_WARN__DUPLICATE_METHOD_MATCH = YES;
				COPY_PHASE_STRIP = NO;
				DEBUG_INFORMATION_FORMAT = "dwarf-with-dsym";
				ENABLE_NS_ASSERTIONS = NO;
				ENABLE_STRICT_OBJC_MSGSEND = YES;
				GCC_C_LANGUAGE_STANDARD = gnu99;
				GCC_NO_COMMON_BLOCKS = YES;
				GCC_WARN_64_TO_32_BIT_CONVERSION = YES;
				GCC_WARN_ABOUT_RETURN_TYPE = YES_ERROR;
				GCC_WARN_UNDECLARED_SELECTOR = YES;
				GCC_WARN_UNINITIALIZED_AUTOS = YES_AGGRESSIVE;
				GCC_WARN_UNUSED_FUNCTION = YES;
				GCC_WARN_UNUSED_VARIABLE = YES;
				IPHONEOS_DEPLOYMENT_TARGET = 15.2;
				MTL_ENABLE_DEBUG_INFO = NO;
				MTL_FAST_MATH = YES;
				ONLY_ACTIVE_ARCH = NO;
				SDKROOT = iphoneos;
				SWIFT_COMPILATION_MODE = wholemodule;
				SWIFT_OPTIMIZATION_LEVEL = "-O";
				VALIDATE_PRODUCT = YES;
			};
			name = Release;
		};
		EBB7887628224762002BEEAD /* Debug */ = {
			isa = XCBuildConfiguration;
			baseConfigurationReference = B833EE2C29BB1D46B945BF87 /* Pods-erni-insurance.debug.xcconfig */;
			buildSettings = {
				APP_SERVER_URL = "https://erni-insurance.herokuapp.com";
				ASSETCATALOG_COMPILER_APPICON_NAME = AppIcon;
				ASSETCATALOG_COMPILER_GLOBAL_ACCENT_COLOR_NAME = AccentColor;
				CODE_SIGN_IDENTITY = "iPhone Developer";
				CODE_SIGN_STYLE = Manual;
				CURRENT_PROJECT_VERSION = 1;
				DEVELOPMENT_TEAM = 2A26KBG984;
				GENERATE_INFOPLIST_FILE = YES;
				INFOPLIST_FILE = "erni-insurance/Core/Resources/Info.plist";
				INFOPLIST_KEY_CFBundleDisplayName = Insurance;
				INFOPLIST_KEY_UIApplicationSupportsIndirectInputEvents = YES;
				INFOPLIST_KEY_UILaunchStoryboardName = LaunchScreen;
				INFOPLIST_KEY_UIRequiredDeviceCapabilities = armv7;
				INFOPLIST_KEY_UISupportedInterfaceOrientations = UIInterfaceOrientationPortrait;
				INFOPLIST_KEY_UISupportedInterfaceOrientations_iPad = UIInterfaceOrientationPortrait;
				INFOPLIST_KEY_UISupportedInterfaceOrientations_iPhone = UIInterfaceOrientationPortrait;
				INFOPLIST_KEY_UIUserInterfaceStyle = Light;
				LD_RUNPATH_SEARCH_PATHS = (
					"$(inherited)",
					"@executable_path/Frameworks",
				);
				MARKETING_VERSION = 1.0;
				PRODUCT_BUNDLE_IDENTIFIER = ch.erni.erniInsuranceDemo;
				PRODUCT_NAME = "$(TARGET_NAME)";
				PROVISIONING_PROFILE_SPECIFIER = "Erni Mobile Generic Development";
				SWIFT_EMIT_LOC_STRINGS = YES;
				SWIFT_VERSION = 5.0;
				TARGETED_DEVICE_FAMILY = "1,2";
			};
			name = Debug;
		};
		EBB7887728224762002BEEAD /* Release */ = {
			isa = XCBuildConfiguration;
			baseConfigurationReference = 278E665822D37342972DF164 /* Pods-erni-insurance.release.xcconfig */;
			buildSettings = {
				APP_SERVER_URL = "https://erni-insurance.herokuapp.com";
				ASSETCATALOG_COMPILER_APPICON_NAME = AppIcon;
				ASSETCATALOG_COMPILER_GLOBAL_ACCENT_COLOR_NAME = AccentColor;
				CODE_SIGN_IDENTITY = "iPhone Distribution";
				CODE_SIGN_STYLE = Manual;
				CURRENT_PROJECT_VERSION = 1;
				DEVELOPMENT_TEAM = 2A26KBG984;
				GENERATE_INFOPLIST_FILE = YES;
				INFOPLIST_FILE = "erni-insurance/Core/Resources/Info.plist";
				INFOPLIST_KEY_CFBundleDisplayName = Insurance;
				INFOPLIST_KEY_UIApplicationSupportsIndirectInputEvents = YES;
				INFOPLIST_KEY_UILaunchStoryboardName = LaunchScreen;
				INFOPLIST_KEY_UIRequiredDeviceCapabilities = armv7;
				INFOPLIST_KEY_UISupportedInterfaceOrientations = UIInterfaceOrientationPortrait;
				INFOPLIST_KEY_UISupportedInterfaceOrientations_iPad = UIInterfaceOrientationPortrait;
				INFOPLIST_KEY_UISupportedInterfaceOrientations_iPhone = UIInterfaceOrientationPortrait;
				INFOPLIST_KEY_UIUserInterfaceStyle = Light;
				LD_RUNPATH_SEARCH_PATHS = (
					"$(inherited)",
					"@executable_path/Frameworks",
				);
				MARKETING_VERSION = 1.0;
				PRODUCT_BUNDLE_IDENTIFIER = ch.erni.erniInsuranceDemo;
				PRODUCT_NAME = "$(TARGET_NAME)";
				PROVISIONING_PROFILE_SPECIFIER = "Erni Mobile Generic Distribution";
				SWIFT_EMIT_LOC_STRINGS = YES;
				SWIFT_VERSION = 5.0;
				TARGETED_DEVICE_FAMILY = "1,2";
			};
			name = Release;
		};
/* End XCBuildConfiguration section */

/* Begin XCConfigurationList section */
		EBB7885C2822475F002BEEAD /* Build configuration list for PBXProject "erni-insurance" */ = {
			isa = XCConfigurationList;
			buildConfigurations = (
				EBB7887328224762002BEEAD /* Debug */,
				EBB7887428224762002BEEAD /* Release */,
			);
			defaultConfigurationIsVisible = 0;
			defaultConfigurationName = Release;
		};
		EBB7887528224762002BEEAD /* Build configuration list for PBXNativeTarget "erni-insurance" */ = {
			isa = XCConfigurationList;
			buildConfigurations = (
				EBB7887628224762002BEEAD /* Debug */,
				EBB7887728224762002BEEAD /* Release */,
			);
			defaultConfigurationIsVisible = 0;
			defaultConfigurationName = Release;
		};
/* End XCConfigurationList section */
	};
	rootObject = EBB788592822475F002BEEAD /* Project object */;
}
